Microsoft Visual Studio Solution File, Format Version 11.00
# Visual Studio 2008

Project("{AB4086EC-D47C-568D-5BA5-739D4078988F}") = "pixel", "Assembly-CSharp-vs.csproj", "{73B6CD97-D7CD-AE31-89D4-F77F8E5DF748}"
EndProject
Project("{AB4086EC-D47C-568D-5BA5-739D4078988F}") = "pixel", "Assembly-CSharp-Editor-vs.csproj", "{0B51AFFC-B3D6-846E-677D-B59436B93EF6}"
EndProject
Global
	GlobalSection(SolutionConfigurationPlatforms) = preSolution
		Debug|Any CPU = Debug|Any CPU
		Release|Any CPU = Release|Any CPU
	EndGlobalSection
	GlobalSection(ProjectConfigurationPlatforms) = postSolution
		{73B6CD97-D7CD-AE31-89D4-F77F8E5DF748}.Debug|Any CPU.ActiveCfg = Debug|Any CPU
		{73B6CD97-D7CD-AE31-89D4-F77F8E5DF748}.Debug|Any CPU.Build.0 = Debug|Any CPU
		{73B6CD97-D7CD-AE31-89D4-F77F8E5DF748}.Release|Any CPU.ActiveCfg = Release|Any CPU
		{73B6CD97-D7CD-AE31-89D4-F77F8E5DF748}.Release|Any CPU.Build.0 = Release|Any CPU
		{0B51AFFC-B3D6-846E-677D-B59436B93EF6}.Debug|Any CPU.ActiveCfg = Debug|Any CPU
		{0B51AFFC-B3D6-846E-677D-B59436B93EF6}.Debug|Any CPU.Build.0 = Debug|Any CPU
		{0B51AFFC-B3D6-846E-677D-B59436B93EF6}.Release|Any CPU.ActiveCfg = Release|Any CPU
		{0B51AFFC-B3D6-846E-677D-B59436B93EF6}.Release|Any CPU.Build.0 = Release|Any CPU
	EndGlobalSection
	GlobalSection(SolutionProperties) = preSolution
		HideSolutionNode = FALSE
	EndGlobalSection
																																																												GlobalSection(MonoDevelopProperties) = preSolution
=======
																																														GlobalSection(MonoDevelopProperties) = preSolution
>>>>>>> pr/11
=======
																																					GlobalSection(MonoDevelopProperties) = preSolution
>>>>>>> Stashed changes
=======
																			GlobalSection(MonoDevelopProperties) = preSolution
>>>>>>> Stashed changes
=======
															GlobalSection(MonoDevelopProperties) = preSolution
>>>>>>> Stashed changes
=======
		GlobalSection(MonoDevelopProperties) = preSolution
>>>>>>> pr/2
		StartupItem = Assembly-CSharp.csproj
		Policies = $0
		$0.TextStylePolicy = $1
		$1.inheritsSet = null
		$1.scope = text/x-csharp
		$0.CSharpFormattingPolicy = $2
		$2.inheritsSet = Mono
		$2.inheritsScope = text/x-csharp
		$2.scope = text/x-csharp
		$0.TextStylePolicy = $3
		$3.FileWidth = 120
		$3.TabWidth = 4
		$3.EolMarker = Unix
		$3.inheritsSet = Mono
		$3.inheritsScope = text/plain
		$3.scope = text/plain
	EndGlobalSection

EndGlobal
